
Microsoft Visual Studio Solution File, Format Version 12.00
# Visual Studio Version 17
VisualStudioVersion = 17.5.002.0
MinimumVisualStudioVersion = 10.0.40219.1
Project("{9A19103F-16F7-4668-BE54-9A1E7A4F7556}") = "CalculadoraSimples", "CalculadoraSimples\CalculadoraSimples.csproj", "{94DEEF38-204C-4853-8EA2-6DABCCA6D69D}"
EndProject
Global
	GlobalSection(SolutionConfigurationPlatforms) = preSolution
		Debug|Any CPU = Debug|Any CPU
		Release|Any CPU = Release|Any CPU
	EndGlobalSection
	GlobalSection(ProjectConfigurationPlatforms) = postSolution
		{94DEEF38-204C-4853-8EA2-6DABCCA6D69D}.Debug|Any CPU.ActiveCfg = Debug|Any CPU
		{94DEEF38-204C-4853-8EA2-6DABCCA6D69D}.Debug|Any CPU.Build.0 = Debug|Any CPU
		{94DEEF38-204C-4853-8EA2-6DABCCA6D69D}.Release|Any CPU.ActiveCfg = Release|Any CPU
		{94DEEF38-204C-4853-8EA2-6DABCCA6D69D}.Release|Any CPU.Build.0 = Release|Any CPU
	EndGlobalSection
	GlobalSection(SolutionProperties) = preSolution
		HideSolutionNode = FALSE
	EndGlobalSection
	GlobalSection(ExtensibilityGlobals) = postSolution
		SolutionGuid = {F220C200-A670-4135-9151-7DD3EF0DCCD5}
	EndGlobalSection
EndGlobal
